
Microsoft Visual Studio Solution File, Format Version 12.00
# Visual Studio Version 17
VisualStudioVersion = 17.7.34202.233
MinimumVisualStudioVersion = 10.0.40219.1
Project("{FAE04EC0-301F-11D3-BF4B-00C04F79EFBC}") = "CAN_Bus_BitTimingCalculator", "CAN_Bus_BitTimingCalculator\CAN_Bus_BitTimingCalculator.csproj", "{366D0783-DB3D-4FE7-949F-5EA3E9B2190A}"
EndProject
Global
	GlobalSection(SolutionConfigurationPlatforms) = preSolution
		Debug|Any CPU = Debug|Any CPU
		Release|Any CPU = Release|Any CPU
	EndGlobalSection
	GlobalSection(ProjectConfigurationPlatforms) = postSolution
		{366D0783-DB3D-4FE7-949F-5EA3E9B2190A}.Debug|Any CPU.ActiveCfg = Debug|Any CPU
		{366D0783-DB3D-4FE7-949F-5EA3E9B2190A}.Debug|Any CPU.Build.0 = Debug|Any CPU
		{366D0783-DB3D-4FE7-949F-5EA3E9B2190A}.Release|Any CPU.ActiveCfg = Release|Any CPU
		{366D0783-DB3D-4FE7-949F-5EA3E9B2190A}.Release|Any CPU.Build.0 = Release|Any CPU
	EndGlobalSection
	GlobalSection(SolutionProperties) = preSolution
		HideSolutionNode = FALSE
	EndGlobalSection
	GlobalSection(ExtensibilityGlobals) = postSolution
		SolutionGuid = {BFC3FF4B-F338-4BED-ABF4-38574DAF0BDC}
	EndGlobalSection
EndGlobal
